
Microsoft Visual Studio Solution File, Format Version 12.00
# Visual Studio Version 16
VisualStudioVersion = 16.0.29905.134
MinimumVisualStudioVersion = 10.0.40219.1
Project("{FAE04EC0-301F-11D3-BF4B-00C04F79EFBC}") = "ConsoleApp1", "ConsoleApp1\ConsoleApp1.csproj", "{A0F3B34C-F463-481A-9834-A30200ABE056}"
EndProject
Global
	GlobalSection(SolutionConfigurationPlatforms) = preSolution
		Debug|Any CPU = Debug|Any CPU
		Release|Any CPU = Release|Any CPU
	EndGlobalSection
	GlobalSection(ProjectConfigurationPlatforms) = postSolution
		{A0F3B34C-F463-481A-9834-A30200ABE056}.Debug|Any CPU.ActiveCfg = Debug|Any CPU
		{A0F3B34C-F463-481A-9834-A30200ABE056}.Debug|Any CPU.Build.0 = Debug|Any CPU
		{A0F3B34C-F463-481A-9834-A30200ABE056}.Release|Any CPU.ActiveCfg = Release|Any CPU
		{A0F3B34C-F463-481A-9834-A30200ABE056}.Release|Any CPU.Build.0 = Release|Any CPU
	EndGlobalSection
	GlobalSection(SolutionProperties) = preSolution
		HideSolutionNode = FALSE
	EndGlobalSection
	GlobalSection(ExtensibilityGlobals) = postSolution
		SolutionGuid = {13461737-FDFE-4628-A9AA-12B7A2CD58C6}
	EndGlobalSection
EndGlobal
